
Microsoft Visual Studio Solution File, Format Version 12.00
# Visual Studio Version 16
VisualStudioVersion = 16.0.29306.81
MinimumVisualStudioVersion = 10.0.40219.1
Project("{FAE04EC0-301F-11D3-BF4B-00C04F79EFBC}") = "1.1.1", "1.1.1\1.1.1.csproj", "{867D0724-56DC-40F7-A1C4-975C2F6E8ABB}"
EndProject
Project("{FAE04EC0-301F-11D3-BF4B-00C04F79EFBC}") = "1.1.2", "1.1.2\1.1.2.csproj", "{5CF29BC5-95E0-49E8-B520-DEF6F9AA1299}"
EndProject
Project("{FAE04EC0-301F-11D3-BF4B-00C04F79EFBC}") = "1.1.3", "1.1.3\1.1.3.csproj", "{4844371D-B0D3-46EA-9B76-C1D6D29D6BE8}"
EndProject
Project("{FAE04EC0-301F-11D3-BF4B-00C04F79EFBC}") = "1.1.4", "1.1.4\1.1.4.csproj", "{919AF1B2-00B7-4AFA-97A1-95988E18A232}"
EndProject
Project("{FAE04EC0-301F-11D3-BF4B-00C04F79EFBC}") = "1.1.5", "1.1.5\1.1.5.csproj", "{7417FC49-B33E-4DB6-8589-0A235012363D}"
EndProject
Project("{FAE04EC0-301F-11D3-BF4B-00C04F79EFBC}") = "1.1.6", "1.1.6\1.1.6.csproj", "{619F6149-2218-4AC2-89E9-10DDFC0CE74C}"
EndProject
Project("{FAE04EC0-301F-11D3-BF4B-00C04F79EFBC}") = "1.1.7", "1.1.7\1.1.7.csproj", "{B448851C-D743-4363-BEA7-C7B4DB4952B7}"
EndProject
Project("{FAE04EC0-301F-11D3-BF4B-00C04F79EFBC}") = "1.1.8", "1.1.8\1.1.8.csproj", "{5E02AA72-789D-47FF-B8CC-BF9C118612C6}"
EndProject
Project("{FAE04EC0-301F-11D3-BF4B-00C04F79EFBC}") = "1.1.9", "1.1.9\1.1.9.csproj", "{6393FC8D-FBED-4E11-9631-AB0A23200DE7}"
EndProject
Project("{FAE04EC0-301F-11D3-BF4B-00C04F79EFBC}") = "1.1.10", "1.1.10\1.1.10.csproj", "{14BB7051-7EF7-4D80-BACD-5DB8335A660B}"
EndProject
Project("{FAE04EC0-301F-11D3-BF4B-00C04F79EFBC}") = "1.2.1", "1.2.1\1.2.1.csproj", "{D2D27872-A8F7-4F22-81B3-3E1A9E899DC0}"
EndProject
Project("{FAE04EC0-301F-11D3-BF4B-00C04F79EFBC}") = "1.2.2", "1.2.2\1.2.2.csproj", "{99E9F719-58C9-49BA-AB81-4892EB046154}"
EndProject
Project("{FAE04EC0-301F-11D3-BF4B-00C04F79EFBC}") = "1.2.3", "1.2.3\1.2.3.csproj", "{BB5BC929-5E69-4E7C-A92F-F7643593A5ED}"
EndProject
Project("{FAE04EC0-301F-11D3-BF4B-00C04F79EFBC}") = "1.2.4", "1.2.4\1.2.4.csproj", "{BE7BF9D0-7959-40E6-988B-8375C086FAD0}"
EndProject
Project("{2150E333-8FDC-42A3-9474-1A3956D46DE8}") = "Task 2", "Task 2", "{DBA58DF7-482D-4345-9733-A4584B0E1576}"
EndProject
Project("{FAE04EC0-301F-11D3-BF4B-00C04F79EFBC}") = "2.1.1", "2.1.1\2.1.1.csproj", "{B956A94E-0A09-4D99-944A-2C3530B3160E}"
EndProject
Project("{FAE04EC0-301F-11D3-BF4B-00C04F79EFBC}") = "2.1.1 MyLibrary", "2.1.1 MyLibrary\2.1.1 MyLibrary.csproj", "{D63D2925-9B13-46A7-B391-4C2D83DA0671}"
EndProject
Project("{FAE04EC0-301F-11D3-BF4B-00C04F79EFBC}") = "2.1.2", "2.1.2\2.1.2.csproj", "{48DE8C37-FB91-4D45-A0ED-D3DBF668DC30}"
EndProject
Project("{FAE04EC0-301F-11D3-BF4B-00C04F79EFBC}") = "2.2.1", "2.2.1\2.2.1.csproj", "{C31971FD-C9B2-42BA-929B-83AE33202428}"
EndProject
Global
	GlobalSection(SolutionConfigurationPlatforms) = preSolution
		Debug|Any CPU = Debug|Any CPU
		Release|Any CPU = Release|Any CPU
	EndGlobalSection
	GlobalSection(ProjectConfigurationPlatforms) = postSolution
		{867D0724-56DC-40F7-A1C4-975C2F6E8ABB}.Debug|Any CPU.ActiveCfg = Debug|Any CPU
		{867D0724-56DC-40F7-A1C4-975C2F6E8ABB}.Debug|Any CPU.Build.0 = Debug|Any CPU
		{867D0724-56DC-40F7-A1C4-975C2F6E8ABB}.Release|Any CPU.ActiveCfg = Release|Any CPU
		{867D0724-56DC-40F7-A1C4-975C2F6E8ABB}.Release|Any CPU.Build.0 = Release|Any CPU
		{5CF29BC5-95E0-49E8-B520-DEF6F9AA1299}.Debug|Any CPU.ActiveCfg = Debug|Any CPU
		{5CF29BC5-95E0-49E8-B520-DEF6F9AA1299}.Debug|Any CPU.Build.0 = Debug|Any CPU
		{5CF29BC5-95E0-49E8-B520-DEF6F9AA1299}.Release|Any CPU.ActiveCfg = Release|Any CPU
		{5CF29BC5-95E0-49E8-B520-DEF6F9AA1299}.Release|Any CPU.Build.0 = Release|Any CPU
		{4844371D-B0D3-46EA-9B76-C1D6D29D6BE8}.Debug|Any CPU.ActiveCfg = Debug|Any CPU
		{4844371D-B0D3-46EA-9B76-C1D6D29D6BE8}.Debug|Any CPU.Build.0 = Debug|Any CPU
		{4844371D-B0D3-46EA-9B76-C1D6D29D6BE8}.Release|Any CPU.ActiveCfg = Release|Any CPU
		{4844371D-B0D3-46EA-9B76-C1D6D29D6BE8}.Release|Any CPU.Build.0 = Release|Any CPU
		{919AF1B2-00B7-4AFA-97A1-95988E18A232}.Debug|Any CPU.ActiveCfg = Debug|Any CPU
		{919AF1B2-00B7-4AFA-97A1-95988E18A232}.Debug|Any CPU.Build.0 = Debug|Any CPU
		{919AF1B2-00B7-4AFA-97A1-95988E18A232}.Release|Any CPU.ActiveCfg = Release|Any CPU
		{919AF1B2-00B7-4AFA-97A1-95988E18A232}.Release|Any CPU.Build.0 = Release|Any CPU
		{7417FC49-B33E-4DB6-8589-0A235012363D}.Debug|Any CPU.ActiveCfg = Debug|Any CPU
		{7417FC49-B33E-4DB6-8589-0A235012363D}.Debug|Any CPU.Build.0 = Debug|Any CPU
		{7417FC49-B33E-4DB6-8589-0A235012363D}.Release|Any CPU.ActiveCfg = Release|Any CPU
		{7417FC49-B33E-4DB6-8589-0A235012363D}.Release|Any CPU.Build.0 = Release|Any CPU
		{619F6149-2218-4AC2-89E9-10DDFC0CE74C}.Debug|Any CPU.ActiveCfg = Debug|Any CPU
		{619F6149-2218-4AC2-89E9-10DDFC0CE74C}.Debug|Any CPU.Build.0 = Debug|Any CPU
		{619F6149-2218-4AC2-89E9-10DDFC0CE74C}.Release|Any CPU.ActiveCfg = Release|Any CPU
		{619F6149-2218-4AC2-89E9-10DDFC0CE74C}.Release|Any CPU.Build.0 = Release|Any CPU
		{B448851C-D743-4363-BEA7-C7B4DB4952B7}.Debug|Any CPU.ActiveCfg = Debug|Any CPU
		{B448851C-D743-4363-BEA7-C7B4DB4952B7}.Debug|Any CPU.Build.0 = Debug|Any CPU
		{B448851C-D743-4363-BEA7-C7B4DB4952B7}.Release|Any CPU.ActiveCfg = Release|Any CPU
		{B448851C-D743-4363-BEA7-C7B4DB4952B7}.Release|Any CPU.Build.0 = Release|Any CPU
		{5E02AA72-789D-47FF-B8CC-BF9C118612C6}.Debug|Any CPU.ActiveCfg = Debug|Any CPU
		{5E02AA72-789D-47FF-B8CC-BF9C118612C6}.Debug|Any CPU.Build.0 = Debug|Any CPU
		{5E02AA72-789D-47FF-B8CC-BF9C118612C6}.Release|Any CPU.ActiveCfg = Release|Any CPU
		{5E02AA72-789D-47FF-B8CC-BF9C118612C6}.Release|Any CPU.Build.0 = Release|Any CPU
		{6393FC8D-FBED-4E11-9631-AB0A23200DE7}.Debug|Any CPU.ActiveCfg = Debug|Any CPU
		{6393FC8D-FBED-4E11-9631-AB0A23200DE7}.Debug|Any CPU.Build.0 = Debug|Any CPU
		{6393FC8D-FBED-4E11-9631-AB0A23200DE7}.Release|Any CPU.ActiveCfg = Release|Any CPU
		{6393FC8D-FBED-4E11-9631-AB0A23200DE7}.Release|Any CPU.Build.0 = Release|Any CPU
		{14BB7051-7EF7-4D80-BACD-5DB8335A660B}.Debug|Any CPU.ActiveCfg = Debug|Any CPU
		{14BB7051-7EF7-4D80-BACD-5DB8335A660B}.Debug|Any CPU.Build.0 = Debug|Any CPU
		{14BB7051-7EF7-4D80-BACD-5DB8335A660B}.Release|Any CPU.ActiveCfg = Release|Any CPU
		{14BB7051-7EF7-4D80-BACD-5DB8335A660B}.Release|Any CPU.Build.0 = Release|Any CPU
		{D2D27872-A8F7-4F22-81B3-3E1A9E899DC0}.Debug|Any CPU.ActiveCfg = Debug|Any CPU
		{D2D27872-A8F7-4F22-81B3-3E1A9E899DC0}.Debug|Any CPU.Build.0 = Debug|Any CPU
		{D2D27872-A8F7-4F22-81B3-3E1A9E899DC0}.Release|Any CPU.ActiveCfg = Release|Any CPU
		{D2D27872-A8F7-4F22-81B3-3E1A9E899DC0}.Release|Any CPU.Build.0 = Release|Any CPU
		{99E9F719-58C9-49BA-AB81-4892EB046154}.Debug|Any CPU.ActiveCfg = Debug|Any CPU
		{99E9F719-58C9-49BA-AB81-4892EB046154}.Debug|Any CPU.Build.0 = Debug|Any CPU
		{99E9F719-58C9-49BA-AB81-4892EB046154}.Release|Any CPU.ActiveCfg = Release|Any CPU
		{99E9F719-58C9-49BA-AB81-4892EB046154}.Release|Any CPU.Build.0 = Release|Any CPU
		{BB5BC929-5E69-4E7C-A92F-F7643593A5ED}.Debug|Any CPU.ActiveCfg = Debug|Any CPU
		{BB5BC929-5E69-4E7C-A92F-F7643593A5ED}.Debug|Any CPU.Build.0 = Debug|Any CPU
		{BB5BC929-5E69-4E7C-A92F-F7643593A5ED}.Release|Any CPU.ActiveCfg = Release|Any CPU
		{BB5BC929-5E69-4E7C-A92F-F7643593A5ED}.Release|Any CPU.Build.0 = Release|Any CPU
		{BE7BF9D0-7959-40E6-988B-8375C086FAD0}.Debug|Any CPU.ActiveCfg = Debug|Any CPU
		{BE7BF9D0-7959-40E6-988B-8375C086FAD0}.Debug|Any CPU.Build.0 = Debug|Any CPU
		{BE7BF9D0-7959-40E6-988B-8375C086FAD0}.Release|Any CPU.ActiveCfg = Release|Any CPU
		{BE7BF9D0-7959-40E6-988B-8375C086FAD0}.Release|Any CPU.Build.0 = Release|Any CPU
		{B956A94E-0A09-4D99-944A-2C3530B3160E}.Debug|Any CPU.ActiveCfg = Debug|Any CPU
		{B956A94E-0A09-4D99-944A-2C3530B3160E}.Debug|Any CPU.Build.0 = Debug|Any CPU
		{B956A94E-0A09-4D99-944A-2C3530B3160E}.Release|Any CPU.ActiveCfg = Release|Any CPU
		{B956A94E-0A09-4D99-944A-2C3530B3160E}.Release|Any CPU.Build.0 = Release|Any CPU
		{D63D2925-9B13-46A7-B391-4C2D83DA0671}.Debug|Any CPU.ActiveCfg = Debug|Any CPU
		{D63D2925-9B13-46A7-B391-4C2D83DA0671}.Debug|Any CPU.Build.0 = Debug|Any CPU
		{D63D2925-9B13-46A7-B391-4C2D83DA0671}.Release|Any CPU.ActiveCfg = Release|Any CPU
		{D63D2925-9B13-46A7-B391-4C2D83DA0671}.Release|Any CPU.Build.0 = Release|Any CPU
		{48DE8C37-FB91-4D45-A0ED-D3DBF668DC30}.Debug|Any CPU.ActiveCfg = Debug|Any CPU
		{48DE8C37-FB91-4D45-A0ED-D3DBF668DC30}.Debug|Any CPU.Build.0 = Debug|Any CPU
		{48DE8C37-FB91-4D45-A0ED-D3DBF668DC30}.Release|Any CPU.ActiveCfg = Release|Any CPU
		{48DE8C37-FB91-4D45-A0ED-D3DBF668DC30}.Release|Any CPU.Build.0 = Release|Any CPU
		{C31971FD-C9B2-42BA-929B-83AE33202428}.Debug|Any CPU.ActiveCfg = Debug|Any CPU
		{C31971FD-C9B2-42BA-929B-83AE33202428}.Debug|Any CPU.Build.0 = Debug|Any CPU
		{C31971FD-C9B2-42BA-929B-83AE33202428}.Release|Any CPU.ActiveCfg = Release|Any CPU
		{C31971FD-C9B2-42BA-929B-83AE33202428}.Release|Any CPU.Build.0 = Release|Any CPU
	EndGlobalSection
	GlobalSection(SolutionProperties) = preSolution
		HideSolutionNode = FALSE
	EndGlobalSection
	GlobalSection(NestedProjects) = preSolution
		{B956A94E-0A09-4D99-944A-2C3530B3160E} = {DBA58DF7-482D-4345-9733-A4584B0E1576}
		{D63D2925-9B13-46A7-B391-4C2D83DA0671} = {DBA58DF7-482D-4345-9733-A4584B0E1576}
		{48DE8C37-FB91-4D45-A0ED-D3DBF668DC30} = {DBA58DF7-482D-4345-9733-A4584B0E1576}
		{C31971FD-C9B2-42BA-929B-83AE33202428} = {DBA58DF7-482D-4345-9733-A4584B0E1576}
	EndGlobalSection
	GlobalSection(ExtensibilityGlobals) = postSolution
		SolutionGuid = {8B680EA1-181B-417C-97BD-0A99C59C1F8D}
	EndGlobalSection
EndGlobal
